
Microsoft Visual Studio Solution File, Format Version 12.00
# Visual Studio Version 17
VisualStudioVersion = 17.5.002.0
MinimumVisualStudioVersion = 10.0.40219.1
Project("{9A19103F-16F7-4668-BE54-9A1E7A4F7556}") = "Website", "Website.csproj", "{542E8929-502F-4BA0-B794-427B1E5B2E63}"
EndProject
Global
	GlobalSection(SolutionConfigurationPlatforms) = preSolution
		Debug|Any CPU = Debug|Any CPU
		Release|Any CPU = Release|Any CPU
	EndGlobalSection
	GlobalSection(ProjectConfigurationPlatforms) = postSolution
		{542E8929-502F-4BA0-B794-427B1E5B2E63}.Debug|Any CPU.ActiveCfg = Debug|Any CPU
		{542E8929-502F-4BA0-B794-427B1E5B2E63}.Debug|Any CPU.Build.0 = Debug|Any CPU
		{542E8929-502F-4BA0-B794-427B1E5B2E63}.Release|Any CPU.ActiveCfg = Release|Any CPU
		{542E8929-502F-4BA0-B794-427B1E5B2E63}.Release|Any CPU.Build.0 = Release|Any CPU
	EndGlobalSection
	GlobalSection(SolutionProperties) = preSolution
		HideSolutionNode = FALSE
	EndGlobalSection
	GlobalSection(ExtensibilityGlobals) = postSolution
		SolutionGuid = {DC54E75A-F5EF-4EF8-8D9F-EFBC6D1D0B3F}
	EndGlobalSection
EndGlobal
