
Microsoft Visual Studio Solution File, Format Version 12.00
Project("{FAE04EC0-301F-11D3-BF4B-00C04F79EFBC}") = "Simple Web App 1", "Simple Web App 1.csproj", "{8854AB5C-5AD4-4A06-A76E-0E348AD3872E}"
EndProject
Global
	GlobalSection(SolutionConfigurationPlatforms) = preSolution
		Debug|Any CPU = Debug|Any CPU
		Release|Any CPU = Release|Any CPU
	EndGlobalSection
	GlobalSection(ProjectConfigurationPlatforms) = postSolution
		{8854AB5C-5AD4-4A06-A76E-0E348AD3872E}.Debug|Any CPU.ActiveCfg = Debug|Any CPU
		{8854AB5C-5AD4-4A06-A76E-0E348AD3872E}.Debug|Any CPU.Build.0 = Debug|Any CPU
		{8854AB5C-5AD4-4A06-A76E-0E348AD3872E}.Release|Any CPU.ActiveCfg = Release|Any CPU
		{8854AB5C-5AD4-4A06-A76E-0E348AD3872E}.Release|Any CPU.Build.0 = Release|Any CPU
	EndGlobalSection
EndGlobal
